// !$*UTF8*$!
{
	archiveVersion = 1;
	classes = {
	};
	objectVersion = 56;
	objects = {

/* Begin PBXBuildFile section */
		D6882FFD29E712DB00F4D7DA /* IOSurfaceAcceleratorPoCApp.swift in Sources */ = {isa = PBXBuildFile; fileRef = D6882FFC29E712DB00F4D7DA /* IOSurfaceAcceleratorPoCApp.swift */; };
		D6882FFF29E712DB00F4D7DA /* ContentView.swift in Sources */ = {isa = PBXBuildFile; fileRef = D6882FFE29E712DB00F4D7DA /* ContentView.swift */; };
		D688300129E712E100F4D7DA /* Assets.xcassets in Resources */ = {isa = PBXBuildFile; fileRef = D688300029E712E100F4D7DA /* Assets.xcassets */; };
		D688300429E712E100F4D7DA /* Preview Assets.xcassets in Resources */ = {isa = PBXBuildFile; fileRef = D688300329E712E100F4D7DA /* Preview Assets.xcassets */; };
		D688300E29E712E300F4D7DA /* IOSurfaceAcceleratorPoCTests.swift in Sources */ = {isa = PBXBuildFile; fileRef = D688300D29E712E300F4D7DA /* IOSurfaceAcceleratorPoCTests.swift */; };
		D688301829E712E300F4D7DA /* IOSurfaceAcceleratorPoCUITests.swift in Sources */ = {isa = PBXBuildFile; fileRef = D688301729E712E300F4D7DA /* IOSurfaceAcceleratorPoCUITests.swift */; };
		D688301A29E712E300F4D7DA /* IOSurfaceAcceleratorPoCUITestsLaunchTests.swift in Sources */ = {isa = PBXBuildFile; fileRef = D688301929E712E300F4D7DA /* IOSurfaceAcceleratorPoCUITestsLaunchTests.swift */; };
		D688302929E7138800F4D7DA /* PoC.m in Sources */ = {isa = PBXBuildFile; fileRef = D688302829E7138800F4D7DA /* PoC.m */; };
		D688302D29E71B2300F4D7DA /* IOKit.framework in Frameworks */ = {isa = PBXBuildFile; fileRef = D688302C29E71B2300F4D7DA /* IOKit.framework */; };
		D688303029E71B2C00F4D7DA /* Foundation.framework in Frameworks */ = {isa = PBXBuildFile; fileRef = D688302E29E71B2B00F4D7DA /* Foundation.framework */; };
		D688303129E71B2C00F4D7DA /* CoreFoundation.framework in Frameworks */ = {isa = PBXBuildFile; fileRef = D688302F29E71B2B00F4D7DA /* CoreFoundation.framework */; };
		D688303329E71B3B00F4D7DA /* IOSurface.framework in Frameworks */ = {isa = PBXBuildFile; fileRef = D688303229E71B3A00F4D7DA /* IOSurface.framework */; };
/* End PBXBuildFile section */

/* Begin PBXContainerItemProxy section */
		D688300A29E712E300F4D7DA /* PBXContainerItemProxy */ = {
			isa = PBXContainerItemProxy;
			containerPortal = D6882FF129E712DB00F4D7DA /* Project object */;
			proxyType = 1;
			remoteGlobalIDString = D6882FF829E712DB00F4D7DA;
			remoteInfo = IOSurfaceAcceleratorPoC;
		};
		D688301429E712E300F4D7DA /* PBXContainerItemProxy */ = {
			isa = PBXContainerItemProxy;
			containerPortal = D6882FF129E712DB00F4D7DA /* Project object */;
			proxyType = 1;
			remoteGlobalIDString = D6882FF829E712DB00F4D7DA;
			remoteInfo = IOSurfaceAcceleratorPoC;
		};
/* End PBXContainerItemProxy section */

/* Begin PBXFileReference section */
		D6882FF929E712DB00F4D7DA /* IOSurfaceAcceleratorPoC.app */ = {isa = PBXFileReference; explicitFileType = wrapper.application; includeInIndex = 0; path = IOSurfaceAcceleratorPoC.app; sourceTree = BUILT_PRODUCTS_DIR; };
		D6882FFC29E712DB00F4D7DA /* IOSurfaceAcceleratorPoCApp.swift */ = {isa = PBXFileReference; lastKnownFileType = sourcecode.swift; path = IOSurfaceAcceleratorPoCApp.swift; sourceTree = "<group>"; };
		D6882FFE29E712DB00F4D7DA /* ContentView.swift */ = {isa = PBXFileReference; lastKnownFileType = sourcecode.swift; path = ContentView.swift; sourceTree = "<group>"; };
		D688300029E712E100F4D7DA /* Assets.xcassets */ = {isa = PBXFileReference; lastKnownFileType = folder.assetcatalog; path = Assets.xcassets; sourceTree = "<group>"; };
		D688300329E712E100F4D7DA /* Preview Assets.xcassets */ = {isa = PBXFileReference; lastKnownFileType = folder.assetcatalog; path = "Preview Assets.xcassets"; sourceTree = "<group>"; };
		D688300929E712E300F4D7DA /* IOSurfaceAcceleratorPoCTests.xctest */ = {isa = PBXFileReference; explicitFileType = wrapper.cfbundle; includeInIndex = 0; path = IOSurfaceAcceleratorPoCTests.xctest; sourceTree = BUILT_PRODUCTS_DIR; };
		D688300D29E712E300F4D7DA /* IOSurfaceAcceleratorPoCTests.swift */ = {isa = PBXFileReference; lastKnownFileType = sourcecode.swift; path = IOSurfaceAcceleratorPoCTests.swift; sourceTree = "<group>"; };
		D688301329E712E300F4D7DA /* IOSurfaceAcceleratorPoCUITests.xctest */ = {isa = PBXFileReference; explicitFileType = wrapper.cfbundle; includeInIndex = 0; path = IOSurfaceAcceleratorPoCUITests.xctest; sourceTree = BUILT_PRODUCTS_DIR; };
		D688301729E712E300F4D7DA /* IOSurfaceAcceleratorPoCUITests.swift */ = {isa = PBXFileReference; lastKnownFileType = sourcecode.swift; path = IOSurfaceAcceleratorPoCUITests.swift; sourceTree = "<group>"; };
		D688301929E712E300F4D7DA /* IOSurfaceAcceleratorPoCUITestsLaunchTests.swift */ = {isa = PBXFileReference; lastKnownFileType = sourcecode.swift; path = IOSurfaceAcceleratorPoCUITestsLaunchTests.swift; sourceTree = "<group>"; };
		D688302629E7137200F4D7DA /* IOSurfaceAcceleratorPoC-Bridging-Header.h */ = {isa = PBXFileReference; lastKnownFileType = sourcecode.c.h; path = "IOSurfaceAcceleratorPoC-Bridging-Header.h"; sourceTree = "<group>"; };
		D688302829E7138800F4D7DA /* PoC.m */ = {isa = PBXFileReference; lastKnownFileType = sourcecode.c.objc; path = PoC.m; sourceTree = "<group>"; };
		D688302A29E713A000F4D7DA /* PoC.h */ = {isa = PBXFileReference; lastKnownFileType = sourcecode.c.h; path = PoC.h; sourceTree = "<group>"; };
		D688302C29E71B2300F4D7DA /* IOKit.framework */ = {isa = PBXFileReference; lastKnownFileType = wrapper.framework; name = IOKit.framework; path = System/Library/Frameworks/IOKit.framework; sourceTree = SDKROOT; };
		D688302E29E71B2B00F4D7DA /* Foundation.framework */ = {isa = PBXFileReference; lastKnownFileType = wrapper.framework; name = Foundation.framework; path = System/Library/Frameworks/Foundation.framework; sourceTree = SDKROOT; };
		D688302F29E71B2B00F4D7DA /* CoreFoundation.framework */ = {isa = PBXFileReference; lastKnownFileType = wrapper.framework; name = CoreFoundation.framework; path = System/Library/Frameworks/CoreFoundation.framework; sourceTree = SDKROOT; };
		D688303229E71B3A00F4D7DA /* IOSurface.framework */ = {isa = PBXFileReference; lastKnownFileType = wrapper.framework; name = IOSurface.framework; path = System/Library/Frameworks/IOSurface.framework; sourceTree = SDKROOT; };
/* End PBXFileReference section */

/* Begin PBXFrameworksBuildPhase section */
		D6882FF629E712DB00F4D7DA /* Frameworks */ = {
			isa = PBXFrameworksBuildPhase;
			buildActionMask = 2147483647;
			files = (
				D688303329E71B3B00F4D7DA /* IOSurface.framework in Frameworks */,
				D688302D29E71B2300F4D7DA /* IOKit.framework in Frameworks */,
				D688303029E71B2C00F4D7DA /* Foundation.framework in Frameworks */,
				D688303129E71B2C00F4D7DA /* CoreFoundation.framework in Frameworks */,
			);
			runOnlyForDeploymentPostprocessing = 0;
		};
		D688300629E712E300F4D7DA /* Frameworks */ = {
			isa = PBXFrameworksBuildPhase;
			buildActionMask = 2147483647;
			files = (
			);
			runOnlyForDeploymentPostprocessing = 0;
		};
		D688301029E712E300F4D7DA /* Frameworks */ = {
			isa = PBXFrameworksBuildPhase;
			buildActionMask = 2147483647;
			files = (
			);
			runOnlyForDeploymentPostprocessing = 0;
		};
/* End PBXFrameworksBuildPhase section */

/* Begin PBXGroup section */
		D6882FF029E712DB00F4D7DA = {
			isa = PBXGroup;
			children = (
				D6882FFB29E712DB00F4D7DA /* IOSurfaceAcceleratorPoC */,
				D688300C29E712E300F4D7DA /* IOSurfaceAcceleratorPoCTests */,
				D688301629E712E300F4D7DA /* IOSurfaceAcceleratorPoCUITests */,
				D6882FFA29E712DB00F4D7DA /* Products */,
				D688302B29E71B2200F4D7DA /* Frameworks */,
			);
			sourceTree = "<group>";
		};
		D6882FFA29E712DB00F4D7DA /* Products */ = {
			isa = PBXGroup;
			children = (
				D6882FF929E712DB00F4D7DA /* IOSurfaceAcceleratorPoC.app */,
				D688300929E712E300F4D7DA /* IOSurfaceAcceleratorPoCTests.xctest */,
				D688301329E712E300F4D7DA /* IOSurfaceAcceleratorPoCUITests.xctest */,
			);
			name = Products;
			sourceTree = "<group>";
		};
		D6882FFB29E712DB00F4D7DA /* IOSurfaceAcceleratorPoC */ = {
			isa = PBXGroup;
			children = (
				D6882FFC29E712DB00F4D7DA /* IOSurfaceAcceleratorPoCApp.swift */,
				D6882FFE29E712DB00F4D7DA /* ContentView.swift */,
				D688300029E712E100F4D7DA /* Assets.xcassets */,
				D688302829E7138800F4D7DA /* PoC.m */,
				D688302A29E713A000F4D7DA /* PoC.h */,
				D688300229E712E100F4D7DA /* Preview Content */,
				D688302629E7137200F4D7DA /* IOSurfaceAcceleratorPoC-Bridging-Header.h */,
			);
			path = IOSurfaceAcceleratorPoC;
			sourceTree = "<group>";
		};
		D688300229E712E100F4D7DA /* Preview Content */ = {
			isa = PBXGroup;
			children = (
				D688300329E712E100F4D7DA /* Preview Assets.xcassets */,
			);
			path = "Preview Content";
			sourceTree = "<group>";
		};
		D688300C29E712E300F4D7DA /* IOSurfaceAcceleratorPoCTests */ = {
			isa = PBXGroup;
			children = (
				D688300D29E712E300F4D7DA /* IOSurfaceAcceleratorPoCTests.swift */,
			);
			path = IOSurfaceAcceleratorPoCTests;
			sourceTree = "<group>";
		};
		D688301629E712E300F4D7DA /* IOSurfaceAcceleratorPoCUITests */ = {
			isa = PBXGroup;
			children = (
				D688301729E712E300F4D7DA /* IOSurfaceAcceleratorPoCUITests.swift */,
				D688301929E712E300F4D7DA /* IOSurfaceAcceleratorPoCUITestsLaunchTests.swift */,
			);
			path = IOSurfaceAcceleratorPoCUITests;
			sourceTree = "<group>";
		};
		D688302B29E71B2200F4D7DA /* Frameworks */ = {
			isa = PBXGroup;
			children = (
				D688303229E71B3A00F4D7DA /* IOSurface.framework */,
				D688302F29E71B2B00F4D7DA /* CoreFoundation.framework */,
				D688302E29E71B2B00F4D7DA /* Foundation.framework */,
				D688302C29E71B2300F4D7DA /* IOKit.framework */,
			);
			name = Frameworks;
			sourceTree = "<group>";
		};
/* End PBXGroup section */

/* Begin PBXNativeTarget section */
		D6882FF829E712DB00F4D7DA /* IOSurfaceAcceleratorPoC */ = {
			isa = PBXNativeTarget;
			buildConfigurationList = D688301D29E712E300F4D7DA /* Build configuration list for PBXNativeTarget "IOSurfaceAcceleratorPoC" */;
			buildPhases = (
				D6882FF529E712DB00F4D7DA /* Sources */,
				D6882FF629E712DB00F4D7DA /* Frameworks */,
				D6882FF729E712DB00F4D7DA /* Resources */,
			);
			buildRules = (
			);
			dependencies = (
			);
			name = IOSurfaceAcceleratorPoC;
			productName = IOSurfaceAcceleratorPoC;
			productReference = D6882FF929E712DB00F4D7DA /* IOSurfaceAcceleratorPoC.app */;
			productType = "com.apple.product-type.application";
		};
		D688300829E712E300F4D7DA /* IOSurfaceAcceleratorPoCTests */ = {
			isa = PBXNativeTarget;
			buildConfigurationList = D688302029E712E300F4D7DA /* Build configuration list for PBXNativeTarget "IOSurfaceAcceleratorPoCTests" */;
			buildPhases = (
				D688300529E712E300F4D7DA /* Sources */,
				D688300629E712E300F4D7DA /* Frameworks */,
				D688300729E712E300F4D7DA /* Resources */,
			);
			buildRules = (
			);
			dependencies = (
				D688300B29E712E300F4D7DA /* PBXTargetDependency */,
			);
			name = IOSurfaceAcceleratorPoCTests;
			productName = IOSurfaceAcceleratorPoCTests;
			productReference = D688300929E712E300F4D7DA /* IOSurfaceAcceleratorPoCTests.xctest */;
			productType = "com.apple.product-type.bundle.unit-test";
		};
		D688301229E712E300F4D7DA /* IOSurfaceAcceleratorPoCUITests */ = {
			isa = PBXNativeTarget;
			buildConfigurationList = D688302329E712E300F4D7DA /* Build configuration list for PBXNativeTarget "IOSurfaceAcceleratorPoCUITests" */;
			buildPhases = (
				D688300F29E712E300F4D7DA /* Sources */,
				D688301029E712E300F4D7DA /* Frameworks */,
				D688301129E712E300F4D7DA /* Resources */,
			);
			buildRules = (
			);
			dependencies = (
				D688301529E712E300F4D7DA /* PBXTargetDependency */,
			);
			name = IOSurfaceAcceleratorPoCUITests;
			productName = IOSurfaceAcceleratorPoCUITests;
			productReference = D688301329E712E300F4D7DA /* IOSurfaceAcceleratorPoCUITests.xctest */;
			productType = "com.apple.product-type.bundle.ui-testing";
		};
/* End PBXNativeTarget section */

/* Begin PBXProject section */
		D6882FF129E712DB00F4D7DA /* Project object */ = {
			isa = PBXProject;
			attributes = {
				BuildIndependentTargetsInParallel = 1;
				LastSwiftUpdateCheck = 1430;
				LastUpgradeCheck = 1430;
				TargetAttributes = {
					D6882FF829E712DB00F4D7DA = {
						CreatedOnToolsVersion = 14.3;
						LastSwiftMigration = 1430;
					};
					D688300829E712E300F4D7DA = {
						CreatedOnToolsVersion = 14.3;
						TestTargetID = D6882FF829E712DB00F4D7DA;
					};
					D688301229E712E300F4D7DA = {
						CreatedOnToolsVersion = 14.3;
						TestTargetID = D6882FF829E712DB00F4D7DA;
					};
				};
			};
			buildConfigurationList = D6882FF429E712DB00F4D7DA /* Build configuration list for PBXProject "IOSurfaceAcceleratorPoC" */;
			compatibilityVersion = "Xcode 14.0";
			developmentRegion = en;
			hasScannedForEncodings = 0;
			knownRegions = (
				en,
				Base,
			);
			mainGroup = D6882FF029E712DB00F4D7DA;
			productRefGroup = D6882FFA29E712DB00F4D7DA /* Products */;
			projectDirPath = "";
			projectRoot = "";
			targets = (
				D6882FF829E712DB00F4D7DA /* IOSurfaceAcceleratorPoC */,
				D688300829E712E300F4D7DA /* IOSurfaceAcceleratorPoCTests */,
				D688301229E712E300F4D7DA /* IOSurfaceAcceleratorPoCUITests */,
			);
		};
/* End PBXProject section */

/* Begin PBXResourcesBuildPhase section */
		D6882FF729E712DB00F4D7DA /* Resources */ = {
			isa = PBXResourcesBuildPhase;
			buildActionMask = 2147483647;
			files = (
				D688300429E712E100F4D7DA /* Preview Assets.xcassets in Resources */,
				D688300129E712E100F4D7DA /* Assets.xcassets in Resources */,
			);
			runOnlyForDeploymentPostprocessing = 0;
		};
		D688300729E712E300F4D7DA /* Resources */ = {
			isa = PBXResourcesBuildPhase;
			buildActionMask = 2147483647;
			files = (
			);
			runOnlyForDeploymentPostprocessing = 0;
		};
		D688301129E712E300F4D7DA /* Resources */ = {
			isa = PBXResourcesBuildPhase;
			buildActionMask = 2147483647;
			files = (
			);
			runOnlyForDeploymentPostprocessing = 0;
		};
/* End PBXResourcesBuildPhase section */

/* Begin PBXSourcesBuildPhase section */
		D6882FF529E712DB00F4D7DA /* Sources */ = {
			isa = PBXSourcesBuildPhase;
			buildActionMask = 2147483647;
			files = (
				D688302929E7138800F4D7DA /* PoC.m in Sources */,
				D6882FFF29E712DB00F4D7DA /* ContentView.swift in Sources */,
				D6882FFD29E712DB00F4D7DA /* IOSurfaceAcceleratorPoCApp.swift in Sources */,
			);
			runOnlyForDeploymentPostprocessing = 0;
		};
		D688300529E712E300F4D7DA /* Sources */ = {
			isa = PBXSourcesBuildPhase;
			buildActionMask = 2147483647;
			files = (
				D688300E29E712E300F4D7DA /* IOSurfaceAcceleratorPoCTests.swift in Sources */,
			);
			runOnlyForDeploymentPostprocessing = 0;
		};
		D688300F29E712E300F4D7DA /* Sources */ = {
			isa = PBXSourcesBuildPhase;
			buildActionMask = 2147483647;
			files = (
				D688301829E712E300F4D7DA /* IOSurfaceAcceleratorPoCUITests.swift in Sources */,
				D688301A29E712E300F4D7DA /* IOSurfaceAcceleratorPoCUITestsLaunchTests.swift in Sources */,
			);
			runOnlyForDeploymentPostprocessing = 0;
		};
/* End PBXSourcesBuildPhase section */

/* Begin PBXTargetDependency section */
		D688300B29E712E300F4D7DA /* PBXTargetDependency */ = {
			isa = PBXTargetDependency;
			target = D6882FF829E712DB00F4D7DA /* IOSurfaceAcceleratorPoC */;
			targetProxy = D688300A29E712E300F4D7DA /* PBXContainerItemProxy */;
		};
		D688301529E712E300F4D7DA /* PBXTargetDependency */ = {
			isa = PBXTargetDependency;
			target = D6882FF829E712DB00F4D7DA /* IOSurfaceAcceleratorPoC */;
			targetProxy = D688301429E712E300F4D7DA /* PBXContainerItemProxy */;
		};
/* End PBXTargetDependency section */

/* Begin XCBuildConfiguration section */
		D688301B29E712E300F4D7DA /* Debug */ = {
			isa = XCBuildConfiguration;
			buildSettings = {
				ALWAYS_SEARCH_USER_PATHS = NO;
				CLANG_ANALYZER_NONNULL = YES;
				CLANG_ANALYZER_NUMBER_OBJECT_CONVERSION = YES_AGGRESSIVE;
				CLANG_CXX_LANGUAGE_STANDARD = "gnu++20";
				CLANG_ENABLE_MODULES = YES;
				CLANG_ENABLE_OBJC_ARC = YES;
				CLANG_ENABLE_OBJC_WEAK = YES;
				CLANG_WARN_BLOCK_CAPTURE_AUTORELEASING = YES;
				CLANG_WARN_BOOL_CONVERSION = YES;
				CLANG_WARN_COMMA = YES;
				CLANG_WARN_CONSTANT_CONVERSION = YES;
				CLANG_WARN_DEPRECATED_OBJC_IMPLEMENTATIONS = YES;
				CLANG_WARN_DIRECT_OBJC_ISA_USAGE = YES_ERROR;
				CLANG_WARN_DOCUMENTATION_COMMENTS = YES;
				CLANG_WARN_EMPTY_BODY = YES;
				CLANG_WARN_ENUM_CONVERSION = YES;
				CLANG_WARN_INFINITE_RECURSION = YES;
				CLANG_WARN_INT_CONVERSION = YES;
				CLANG_WARN_NON_LITERAL_NULL_CONVERSION = YES;
				CLANG_WARN_OBJC_IMPLICIT_RETAIN_SELF = YES;
				CLANG_WARN_OBJC_LITERAL_CONVERSION = YES;
				CLANG_WARN_OBJC_ROOT_CLASS = YES_ERROR;
				CLANG_WARN_QUOTED_INCLUDE_IN_FRAMEWORK_HEADER = YES;
				CLANG_WARN_RANGE_LOOP_ANALYSIS = YES;
				CLANG_WARN_STRICT_PROTOTYPES = YES;
				CLANG_WARN_SUSPICIOUS_MOVE = YES;
				CLANG_WARN_UNGUARDED_AVAILABILITY = YES_AGGRESSIVE;
				CLANG_WARN_UNREACHABLE_CODE = YES;
				CLANG_WARN__DUPLICATE_METHOD_MATCH = YES;
				COPY_PHASE_STRIP = NO;
				DEBUG_INFORMATION_FORMAT = dwarf;
				ENABLE_STRICT_OBJC_MSGSEND = YES;
				ENABLE_TESTABILITY = YES;
				GCC_C_LANGUAGE_STANDARD = gnu11;
				GCC_DYNAMIC_NO_PIC = NO;
				GCC_NO_COMMON_BLOCKS = YES;
				GCC_OPTIMIZATION_LEVEL = 0;
				GCC_PREPROCESSOR_DEFINITIONS = (
					"DEBUG=1",
					"$(inherited)",
				);
				GCC_WARN_64_TO_32_BIT_CONVERSION = YES;
				GCC_WARN_ABOUT_RETURN_TYPE = YES_ERROR;
				GCC_WARN_UNDECLARED_SELECTOR = YES;
				GCC_WARN_UNINITIALIZED_AUTOS = YES_AGGRESSIVE;
				GCC_WARN_UNUSED_FUNCTION = YES;
				GCC_WARN_UNUSED_VARIABLE = YES;
				IPHONEOS_DEPLOYMENT_TARGET = 16.4;
				MTL_ENABLE_DEBUG_INFO = INCLUDE_SOURCE;
				MTL_FAST_MATH = YES;
				ONLY_ACTIVE_ARCH = YES;
				SDKROOT = iphoneos;
				SWIFT_ACTIVE_COMPILATION_CONDITIONS = DEBUG;
				SWIFT_OPTIMIZATION_LEVEL = "-Onone";
			};
			name = Debug;
		};
		D688301C29E712E300F4D7DA /* Release */ = {
			isa = XCBuildConfiguration;
			buildSettings = {
				ALWAYS_SEARCH_USER_PATHS = NO;
				CLANG_ANALYZER_NONNULL = YES;
				CLANG_ANALYZER_NUMBER_OBJECT_CONVERSION = YES_AGGRESSIVE;
				CLANG_CXX_LANGUAGE_STANDARD = "gnu++20";
				CLANG_ENABLE_MODULES = YES;
				CLANG_ENABLE_OBJC_ARC = YES;
				CLANG_ENABLE_OBJC_WEAK = YES;
				CLANG_WARN_BLOCK_CAPTURE_AUTORELEASING = YES;
				CLANG_WARN_BOOL_CONVERSION = YES;
				CLANG_WARN_COMMA = YES;
				CLANG_WARN_CONSTANT_CONVERSION = YES;
				CLANG_WARN_DEPRECATED_OBJC_IMPLEMENTATIONS = YES;
				CLANG_WARN_DIRECT_OBJC_ISA_USAGE = YES_ERROR;
				CLANG_WARN_DOCUMENTATION_COMMENTS = YES;
				CLANG_WARN_EMPTY_BODY = YES;
				CLANG_WARN_ENUM_CONVERSION = YES;
				CLANG_WARN_INFINITE_RECURSION = YES;
				CLANG_WARN_INT_CONVERSION = YES;
				CLANG_WARN_NON_LITERAL_NULL_CONVERSION = YES;
				CLANG_WARN_OBJC_IMPLICIT_RETAIN_SELF = YES;
				CLANG_WARN_OBJC_LITERAL_CONVERSION = YES;
				CLANG_WARN_OBJC_ROOT_CLASS = YES_ERROR;
				CLANG_WARN_QUOTED_INCLUDE_IN_FRAMEWORK_HEADER = YES;
				CLANG_WARN_RANGE_LOOP_ANALYSIS = YES;
				CLANG_WARN_STRICT_PROTOTYPES = YES;
				CLANG_WARN_SUSPICIOUS_MOVE = YES;
				CLANG_WARN_UNGUARDED_AVAILABILITY = YES_AGGRESSIVE;
				CLANG_WARN_UNREACHABLE_CODE = YES;
				CLANG_WARN__DUPLICATE_METHOD_MATCH = YES;
				COPY_PHASE_STRIP = NO;
				DEBUG_INFORMATION_FORMAT = "dwarf-with-dsym";
				ENABLE_NS_ASSERTIONS = NO;
				ENABLE_STRICT_OBJC_MSGSEND = YES;
				GCC_C_LANGUAGE_STANDARD = gnu11;
				GCC_NO_COMMON_BLOCKS = YES;
				GCC_WARN_64_TO_32_BIT_CONVERSION = YES;
				GCC_WARN_ABOUT_RETURN_TYPE = YES_ERROR;
				GCC_WARN_UNDECLARED_SELECTOR = YES;
				GCC_WARN_UNINITIALIZED_AUTOS = YES_AGGRESSIVE;
				GCC_WARN_UNUSED_FUNCTION = YES;
				GCC_WARN_UNUSED_VARIABLE = YES;
				IPHONEOS_DEPLOYMENT_TARGET = 16.4;
				MTL_ENABLE_DEBUG_INFO = NO;
				MTL_FAST_MATH = YES;
				SDKROOT = iphoneos;
				SWIFT_COMPILATION_MODE = wholemodule;
				SWIFT_OPTIMIZATION_LEVEL = "-O";
				VALIDATE_PRODUCT = YES;
			};
			name = Release;
		};
		D688301E29E712E300F4D7DA /* Debug */ = {
			isa = XCBuildConfiguration;
			buildSettings = {
				ARCHS = (
					arm64e,
					arm64,
				);
				ASSETCATALOG_COMPILER_APPICON_NAME = AppIcon;
				ASSETCATALOG_COMPILER_GLOBAL_ACCENT_COLOR_NAME = AccentColor;
				CLANG_ENABLE_MODULES = YES;
				CODE_SIGN_STYLE = Automatic;
				CURRENT_PROJECT_VERSION = 1;
				DEVELOPMENT_ASSET_PATHS = "\"IOSurfaceAcceleratorPoC/Preview Content\"";
				ENABLE_PREVIEWS = YES;
				GENERATE_INFOPLIST_FILE = YES;
				INFOPLIST_KEY_UIApplicationSceneManifest_Generation = YES;
				INFOPLIST_KEY_UIApplicationSupportsIndirectInputEvents = YES;
				INFOPLIST_KEY_UILaunchScreen_Generation = YES;
				INFOPLIST_KEY_UISupportedInterfaceOrientations_iPad = "UIInterfaceOrientationPortrait UIInterfaceOrientationPortraitUpsideDown UIInterfaceOrientationLandscapeLeft UIInterfaceOrientationLandscapeRight";
				INFOPLIST_KEY_UISupportedInterfaceOrientations_iPhone = "UIInterfaceOrientationPortrait UIInterfaceOrientationLandscapeLeft UIInterfaceOrientationLandscapeRight";
				IPHONEOS_DEPLOYMENT_TARGET = 15.0;
				LD_RUNPATH_SEARCH_PATHS = (
					"$(inherited)",
					"@executable_path/Frameworks",
				);
				MARKETING_VERSION = 1.0;
				PRODUCT_BUNDLE_IDENTIFIER = ca.bomberfish.IOSurfaceAcceleratorPoC;
				PRODUCT_NAME = "$(TARGET_NAME)";
				SWIFT_EMIT_LOC_STRINGS = YES;
				SWIFT_OBJC_BRIDGING_HEADER = "IOSurfaceAcceleratorPoC/IOSurfaceAcceleratorPoC-Bridging-Header.h";
				SWIFT_OPTIMIZATION_LEVEL = "-Onone";
				SWIFT_VERSION = 5.0;
				TARGETED_DEVICE_FAMILY = "1,2";
			};
			name = Debug;
		};
		D688301F29E712E300F4D7DA /* Release */ = {
			isa = XCBuildConfiguration;
			buildSettings = {
				ARCHS = (
					arm64e,
					arm64,
				);
				ASSETCATALOG_COMPILER_APPICON_NAME = AppIcon;
				ASSETCATALOG_COMPILER_GLOBAL_ACCENT_COLOR_NAME = AccentColor;
				CLANG_ENABLE_MODULES = YES;
				CODE_SIGN_STYLE = Automatic;
				CURRENT_PROJECT_VERSION = 1;
				DEVELOPMENT_ASSET_PATHS = "\"IOSurfaceAcceleratorPoC/Preview Content\"";
				ENABLE_PREVIEWS = YES;
				GENERATE_INFOPLIST_FILE = YES;
				INFOPLIST_KEY_UIApplicationSceneManifest_Generation = YES;
				INFOPLIST_KEY_UIApplicationSupportsIndirectInputEvents = YES;
				INFOPLIST_KEY_UILaunchScreen_Generation = YES;
				INFOPLIST_KEY_UISupportedInterfaceOrientations_iPad = "UIInterfaceOrientationPortrait UIInterfaceOrientationPortraitUpsideDown UIInterfaceOrientationLandscapeLeft UIInterfaceOrientationLandscapeRight";
				INFOPLIST_KEY_UISupportedInterfaceOrientations_iPhone = "UIInterfaceOrientationPortrait UIInterfaceOrientationLandscapeLeft UIInterfaceOrientationLandscapeRight";
				IPHONEOS_DEPLOYMENT_TARGET = 15.0;
				LD_RUNPATH_SEARCH_PATHS = (
					"$(inherited)",
					"@executable_path/Frameworks",
				);
				MARKETING_VERSION = 1.0;
				PRODUCT_BUNDLE_IDENTIFIER = ca.bomberfish.IOSurfaceAcceleratorPoC;
				PRODUCT_NAME = "$(TARGET_NAME)";
				SWIFT_EMIT_LOC_STRINGS = YES;
				SWIFT_OBJC_BRIDGING_HEADER = "IOSurfaceAcceleratorPoC/IOSurfaceAcceleratorPoC-Bridging-Header.h";
				SWIFT_VERSION = 5.0;
				TARGETED_DEVICE_FAMILY = "1,2";
			};
			name = Release;
		};
		D688302129E712E300F4D7DA /* Debug */ = {
			isa = XCBuildConfiguration;
			buildSettings = {
				ALWAYS_EMBED_SWIFT_STANDARD_LIBRARIES = YES;
				BUNDLE_LOADER = "$(TEST_HOST)";
				CODE_SIGN_STYLE = Automatic;
				CURRENT_PROJECT_VERSION = 1;
				GENERATE_INFOPLIST_FILE = YES;
				IPHONEOS_DEPLOYMENT_TARGET = 16.4;
				MARKETING_VERSION = 1.0;
				PRODUCT_BUNDLE_IDENTIFIER = ca.bomberfish.IOSurfaceAcceleratorPoCTests;
				PRODUCT_NAME = "$(TARGET_NAME)";
				SWIFT_EMIT_LOC_STRINGS = NO;
				SWIFT_VERSION = 5.0;
				TARGETED_DEVICE_FAMILY = "1,2";
				TEST_HOST = "$(BUILT_PRODUCTS_DIR)/IOSurfaceAcceleratorPoC.app/$(BUNDLE_EXECUTABLE_FOLDER_PATH)/IOSurfaceAcceleratorPoC";
			};
			name = Debug;
		};
		D688302229E712E300F4D7DA /* Release */ = {
			isa = XCBuildConfiguration;
			buildSettings = {
				ALWAYS_EMBED_SWIFT_STANDARD_LIBRARIES = YES;
				BUNDLE_LOADER = "$(TEST_HOST)";
				CODE_SIGN_STYLE = Automatic;
				CURRENT_PROJECT_VERSION = 1;
				GENERATE_INFOPLIST_FILE = YES;
				IPHONEOS_DEPLOYMENT_TARGET = 16.4;
				MARKETING_VERSION = 1.0;
				PRODUCT_BUNDLE_IDENTIFIER = ca.bomberfish.IOSurfaceAcceleratorPoCTests;
				PRODUCT_NAME = "$(TARGET_NAME)";
				SWIFT_EMIT_LOC_STRINGS = NO;
				SWIFT_VERSION = 5.0;
				TARGETED_DEVICE_FAMILY = "1,2";
				TEST_HOST = "$(BUILT_PRODUCTS_DIR)/IOSurfaceAcceleratorPoC.app/$(BUNDLE_EXECUTABLE_FOLDER_PATH)/IOSurfaceAcceleratorPoC";
			};
			name = Release;
		};
		D688302429E712E300F4D7DA /* Debug */ = {
			isa = XCBuildConfiguration;
			buildSettings = {
				ALWAYS_EMBED_SWIFT_STANDARD_LIBRARIES = YES;
				CODE_SIGN_STYLE = Automatic;
				CURRENT_PROJECT_VERSION = 1;
				GENERATE_INFOPLIST_FILE = YES;
				MARKETING_VERSION = 1.0;
				PRODUCT_BUNDLE_IDENTIFIER = ca.bomberfish.IOSurfaceAcceleratorPoCUITests;
				PRODUCT_NAME = "$(TARGET_NAME)";
				SWIFT_EMIT_LOC_STRINGS = NO;
				SWIFT_VERSION = 5.0;
				TARGETED_DEVICE_FAMILY = "1,2";
				TEST_TARGET_NAME = IOSurfaceAcceleratorPoC;
			};
			name = Debug;
		};
		D688302529E712E300F4D7DA /* Release */ = {
			isa = XCBuildConfiguration;
			buildSettings = {
				ALWAYS_EMBED_SWIFT_STANDARD_LIBRARIES = YES;
				CODE_SIGN_STYLE = Automatic;
				CURRENT_PROJECT_VERSION = 1;
				GENERATE_INFOPLIST_FILE = YES;
				MARKETING_VERSION = 1.0;
				PRODUCT_BUNDLE_IDENTIFIER = ca.bomberfish.IOSurfaceAcceleratorPoCUITests;
				PRODUCT_NAME = "$(TARGET_NAME)";
				SWIFT_EMIT_LOC_STRINGS = NO;
				SWIFT_VERSION = 5.0;
				TARGETED_DEVICE_FAMILY = "1,2";
				TEST_TARGET_NAME = IOSurfaceAcceleratorPoC;
			};
			name = Release;
		};
/* End XCBuildConfiguration section */

/* Begin XCConfigurationList section */
		D6882FF429E712DB00F4D7DA /* Build configuration list for PBXProject "IOSurfaceAcceleratorPoC" */ = {
			isa = XCConfigurationList;
			buildConfigurations = (
				D688301B29E712E300F4D7DA /* Debug */,
				D688301C29E712E300F4D7DA /* Release */,
			);
			defaultConfigurationIsVisible = 0;
			defaultConfigurationName = Release;
		};
		D688301D29E712E300F4D7DA /* Build configuration list for PBXNativeTarget "IOSurfaceAcceleratorPoC" */ = {
			isa = XCConfigurationList;
			buildConfigurations = (
				D688301E29E712E300F4D7DA /* Debug */,
				D688301F29E712E300F4D7DA /* Release */,
			);
			defaultConfigurationIsVisible = 0;
			defaultConfigurationName = Release;
		};
		D688302029E712E300F4D7DA /* Build configuration list for PBXNativeTarget "IOSurfaceAcceleratorPoCTests" */ = {
			isa = XCConfigurationList;
			buildConfigurations = (
				D688302129E712E300F4D7DA /* Debug */,
				D688302229E712E300F4D7DA /* Release */,
			);
			defaultConfigurationIsVisible = 0;
			defaultConfigurationName = Release;
		};
		D688302329E712E300F4D7DA /* Build configuration list for PBXNativeTarget "IOSurfaceAcceleratorPoCUITests" */ = {
			isa = XCConfigurationList;
			buildConfigurations = (
				D688302429E712E300F4D7DA /* Debug */,
				D688302529E712E300F4D7DA /* Release */,
			);
			defaultConfigurationIsVisible = 0;
			defaultConfigurationName = Release;
		};
/* End XCConfigurationList section */
	};
	rootObject = D6882FF129E712DB00F4D7DA /* Project object */;
}
